github.com/gethugothemes/hugo-modules/components/preloader v0.0.0-20220224095550-be944d4f17b1 h1:+WfpSvwa/eK75zApCDWKh8k1ubyXzAMn8jQSuhgi8xk=
github.com/gethugothemes/hugo-modules/components/preloader v0.0.0-20220224095550-be944d4f17b1/go.mod h1:HT03Rwg/JbdzWknnRAMaKgNo3yyNz5PSf6zXGo8fZUQ=
github.com/gethugothemes/hugo-modules/images v0.0.0-20220224073039-ffe5a750accd h1:EMA4m1j6Z6NsI68grDmjIPWL+FGfqi3GtaqUt3swPs4=
github.com/gethugothemes/hugo-modules/images v0.0.0-20220224073039-ffe5a750accd/go.mod h1:C2Tm5TmikJ18PJF5oCEzo5x2YLvwuNsUbZQXq4jOkrM=
github.com/gethugothemes/hugo-modules/images v0.0.0-20220224073535-2d59d9de09ba h1:tFYzuNTXM6n86nvKdGpebolmtJ8cZUvN8TqLsGgPWnM=
github.com/gethugothemes/hugo-modules/images v0.0.0-20220224073535-2d59d9de09ba/go.mod h1:C2Tm5TmikJ18PJF5oCEzo5x2YLvwuNsUbZQXq4jOkrM=
github.com/gethugothemes/hugo-modules/images v0.0.0-20220224090830-fe4c205b1484 h1:tqXoU8q2SJxq37ygnXGqkB2GwYR9X2L6W/ByAUqnuAQ=
github.com/gethugothemes/hugo-modules/images v0.0.0-20220224090830-fe4c205b1484/go.mod h1:C2Tm5TmikJ18PJF5oCEzo5x2YLvwuNsUbZQXq4jOkrM=
github.com/gethugothemes/hugo-modules/shortcodes/buttons v0.0.0-20220224073039-ffe5a750accd h1:FTJScQRY+9/LdTF9hsP9fVe2iTiGaYKiInL1WS8myfk=
github.com/gethugothemes/hugo-modules/shortcodes/buttons v0.0.0-20220224073039-ffe5a750accd/go.mod h1:YixZMyeO0lCdq0iKspug3RmJTIKlOMgRV6Kgfraptww=
github.com/gethugothemes/hugo-modules/shortcodes/buttons v0.0.0-20220224073535-2d59d9de09ba h1:sDKi4qesLmYJaK4YdAwKjKaS/4wosh63N1uHYuOViM0=
github.com/gethugothemes/hugo-modules/shortcodes/buttons v0.0.0-20220224073535-2d59d9de09ba/go.mod h1:YixZMyeO0lCdq0iKspug3RmJTIKlOMgRV6Kgfraptww=
github.com/gethugothemes/hugo-modules/shortcodes/buttons v0.0.0-20220224090830-fe4c205b1484 h1:PQgYMNI2+69bZTN6CE54f2K+mm7n5fzP1x0cRU3IcVo=
github.com/gethugothemes/hugo-modules/shortcodes/buttons v0.0.0-20220224090830-fe4c205b1484/go.mod h1:YixZMyeO0lCdq0iKspug3RmJTIKlOMgRV6Kgfraptww=
github.com/gethugothemes/hugo-modules/shortcodes/codepen v0.0.0-20220224073039-ffe5a750accd h1:zb/WC7Seldgst6BWGaTV7kAiEyeyd185gK31eOCYpYo=
github.com/gethugothemes/hugo-modules/shortcodes/codepen v0.0.0-20220224073039-ffe5a750accd/go.mod h1:7JuYlcJ8Mj4pUBLxS9CdUdFwgGT0NR7rtDW9btFZ0Jw=
github.com/gethugothemes/hugo-modules/shortcodes/codepen v0.0.0-20220224073535-2d59d9de09ba h1:xGsvInSwJE3bFA9PpvRAyZGjqHhO+xN9sYNKVDXZHnk=
github.com/gethugothemes/hugo-modules/shortcodes/codepen v0.0.0-20220224073535-2d59d9de09ba/go.mod h1:7JuYlcJ8Mj4pUBLxS9CdUdFwgGT0NR7rtDW9btFZ0Jw=
github.com/gethugothemes/hugo-modules/shortcodes/codepen v0.0.0-20220224090830-fe4c205b1484 h1:Ny/lYfpQU8fQm801wcWQxC+OETfd3T7YJOXIPdg+vRQ=
github.com/gethugothemes/hugo-modules/shortcodes/codepen v0.0.0-20220224090830-fe4c205b1484/go.mod h1:7JuYlcJ8Mj4pUBLxS9CdUdFwgGT0NR7rtDW9btFZ0Jw=
github.com/gethugothemes/hugo-modules/shortcodes/collapse v0.0.0-20220224073039-ffe5a750accd h1:zKy1TpFfcGRocYNSDRMR3Xjp+O90Hr4XZi2cTJzOBD8=
github.com/gethugothemes/hugo-modules/shortcodes/collapse v0.0.0-20220224073039-ffe5a750accd/go.mod h1:tBHGP1JCkPapDLFVwdcKdKH/3Ao/jQzjR3r1Uaw0mqM=
github.com/gethugothemes/hugo-modules/shortcodes/collapse v0.0.0-20220224073535-2d59d9de09ba h1:ePYBAxCq3wQiU6qsVhUz5V4tdXkGp6S7n1+DbGL2Ruk=
github.com/gethugothemes/hugo-modules/shortcodes/collapse v0.0.0-20220224073535-2d59d9de09ba/go.mod h1:tBHGP1JCkPapDLFVwdcKdKH/3Ao/jQzjR3r1Uaw0mqM=
github.com/gethugothemes/hugo-modules/shortcodes/collapse v0.0.0-20220224090830-fe4c205b1484 h1:3Ie8Z/Y6YNTUeLuxkeBn/FZYNtu8xmmxfPa3zB4X4iE=
github.com/gethugothemes/hugo-modules/shortcodes/collapse v0.0.0-20220224090830-fe4c205b1484/go.mod h1:tBHGP1JCkPapDLFVwdcKdKH/3Ao/jQzjR3r1Uaw0mqM=
github.com/gethugothemes/hugo-modules/shortcodes/gallery v0.0.0-20220224073039-ffe5a750accd h1:jZbAZtvyKM112ys8oLHtG9fz5CX5UZCEKCyCAtZ7Mgc=
github.com/gethugothemes/hugo-modules/shortcodes/gallery v0.0.0-20220224073039-ffe5a750accd/go.mod h1:ttZLdsIEtktoQC6OTrpJTB7kSa4kvN809PPAvDW7e0o=
github.com/gethugothemes/hugo-modules/shortcodes/gallery v0.0.0-20220224073535-2d59d9de09ba h1:Mzks3qKfkz0fsZv25uXEjvntlbfouCqlpW5E4lYnBJs=
github.com/gethugothemes/hugo-modules/shortcodes/gallery v0.0.0-20220224073535-2d59d9de09ba/go.mod h1:ttZLdsIEtktoQC6OTrpJTB7kSa4kvN809PPAvDW7e0o=
github.com/gethugothemes/hugo-modules/shortcodes/gallery v0.0.0-20220224090830-fe4c205b1484 h1:GYKUm2HKKDoK2NTAGeLRFnSlIkw5cuYZVrb1+F1ximo=
github.com/gethugothemes/hugo-modules/shortcodes/gallery v0.0.0-20220224090830-fe4c205b1484/go.mod h1:ttZLdsIEtktoQC6OTrpJTB7kSa4kvN809PPAvDW7e0o=
github.com/gethugothemes/hugo-modules/shortcodes/image v0.0.0-20220224073039-ffe5a750accd h1:OfrMCXcF/wJpBgabUjSxJy7Lqn8R+r2PkK3DVylKr+k=
github.com/gethugothemes/hugo-modules/shortcodes/image v0.0.0-20220224073039-ffe5a750accd/go.mod h1:fr51ZvfXB5psOzj6492FECSGAPdKa/Yu0LmL+Lu/v1s=
github.com/gethugothemes/hugo-modules/shortcodes/image v0.0.0-20220224073535-2d59d9de09ba h1:bn1jcBafUkNcjAE9N+E82+931tneDCc1iqRXlufWLIw=
github.com/gethugothemes/hugo-modules/shortcodes/image v0.0.0-20220224073535-2d59d9de09ba/go.mod h1:fr51ZvfXB5psOzj6492FECSGAPdKa/Yu0LmL+Lu/v1s=
github.com/gethugothemes/hugo-modules/shortcodes/image v0.0.0-20220224090830-fe4c205b1484 h1:E2Xouiu8+V++6gEMo4AhIBDfb8bfmtksRUGc7wRtRJk=
github.com/gethugothemes/hugo-modules/shortcodes/image v0.0.0-20220224090830-fe4c205b1484/go.mod h1:fr51ZvfXB5psOzj6492FECSGAPdKa/Yu0LmL+Lu/v1s=
github.com/gethugothemes/hugo-modules/shortcodes/notice v0.0.0-20220224073039-ffe5a750accd h1:zpNaPhvM1sgdsoeS9xgblnd0uTItbzt8eHclyBLEvz0=
github.com/gethugothemes/hugo-modules/shortcodes/notice v0.0.0-20220224073039-ffe5a750accd/go.mod h1:sm1c/5gzl/YKZ0wKF/MsP520ezoW9k0TDR+l4YfX/Z4=
github.com/gethugothemes/hugo-modules/shortcodes/notice v0.0.0-20220224073535-2d59d9de09ba h1:zWDvU6sBWVdW5aO/LKzRledwigoqcqRkU4G2DreAl/I=
github.com/gethugothemes/hugo-modules/shortcodes/notice v0.0.0-20220224073535-2d59d9de09ba/go.mod h1:sm1c/5gzl/YKZ0wKF/MsP520ezoW9k0TDR+l4YfX/Z4=
github.com/gethugothemes/hugo-modules/shortcodes/notice v0.0.0-20220224090830-fe4c205b1484 h1:Le8z53Aj+UNnF9qnFM3EtWhS37fh/ytevgALsHprPDU=
github.com/gethugothemes/hugo-modules/shortcodes/notice v0.0.0-20220224090830-fe4c205b1484/go.mod h1:sm1c/5gzl/YKZ0wKF/MsP520ezoW9k0TDR+l4YfX/Z4=
github.com/gethugothemes/hugo-modules/shortcodes/tabs v0.0.0-20220224073039-ffe5a750accd h1:S0wettYBdhNF9HreZ5udBTyecs9t3SM8wGnRUJ5ZBWI=
github.com/gethugothemes/hugo-modules/shortcodes/tabs v0.0.0-20220224073039-ffe5a750accd/go.mod h1:6BbxOvoh97+5snq5javHS1Lj37WrPEUGvyMlLQNOPbU=
github.com/gethugothemes/hugo-modules/shortcodes/tabs v0.0.0-20220224073535-2d59d9de09ba h1:LIW+uH0Ej6DBMiRwy+To1ROcVpCnrZalhYQRrMYK/nk=
github.com/gethugothemes/hugo-modules/shortcodes/tabs v0.0.0-20220224073535-2d59d9de09ba/go.mod h1:6BbxOvoh97+5snq5javHS1Lj37WrPEUGvyMlLQNOPbU=
github.com/gethugothemes/hugo-modules/shortcodes/tabs v0.0.0-20220224090830-fe4c205b1484 h1:fMOGRVLCWznRAft8mp2ZIY9dhXG/08nJkb+QIM1AOUY=
github.com/gethugothemes/hugo-modules/shortcodes/tabs v0.0.0-20220224090830-fe4c205b1484/go.mod h1:6BbxOvoh97+5snq5javHS1Lj37WrPEUGvyMlLQNOPbU=
github.com/gethugothemes/hugo-modules/shortcodes/video v0.0.0-20220224073039-ffe5a750accd h1:dASIRCXGA+aEIzUB+AXwRZ4bemnI0ZvxJNSsp/R7mDQ=
github.com/gethugothemes/hugo-modules/shortcodes/video v0.0.0-20220224073039-ffe5a750accd/go.mod h1:KyR6YZ/MP65AgRPcG2yUzyx7gIdO1R6smDEWhQ9lZW4=
github.com/gethugothemes/hugo-modules/shortcodes/video v0.0.0-20220224073535-2d59d9de09ba h1:vazeSLVPvA98dZH9p7fnwCEABgkQvU45TjUWcRZdbDo=
github.com/gethugothemes/hugo-modules/shortcodes/video v0.0.0-20220224073535-2d59d9de09ba/go.mod h1:KyR6YZ/MP65AgRPcG2yUzyx7gIdO1R6smDEWhQ9lZW4=
github.com/gethugothemes/hugo-modules/shortcodes/video v0.0.0-20220224090830-fe4c205b1484 h1:K0JdqmB2Mnsxx1ae35ChE3afm7JpGs79I3if0G+6AEA=
github.com/gethugothemes/hugo-modules/shortcodes/video v0.0.0-20220224090830-fe4c205b1484/go.mod h1:KyR6YZ/MP65AgRPcG2yUzyx7gIdO1R6smDEWhQ9lZW4=
github.com/gohugoio/hugo-mod-bootstrap-scss/v5 v5.20101.20300 h1:1Xe5fPOjFpMakBfsXKzzKtdu/sfqoM0o7JuSp2l1RiU=
github.com/gohugoio/hugo-mod-bootstrap-scss/v5 v5.20101.20300/go.mod h1:/FiWjAJyOiVrC2vDur97ogmWIaBB+YS6jH7nf6cm+3E=
github.com/gohugoio/hugo-mod-jslibs-dist/popperjs/v2 v2.21100.20000 h1:GZxx4Hc+yb0/t3/rau1j8XlAxLE4CyXns2fqQbyqWfs=
github.com/gohugoio/hugo-mod-jslibs-dist/popperjs/v2 v2.21100.20000/go.mod h1:mFberT6ZtcchrsDtfvJM7aAH2bDKLdOnruUHl0hlapI=
github.com/twbs/bootstrap v5.1.3+incompatible h1:19+1/69025oghttdacCOGvs1wv9D5lZnpfoCvKUsPCs=
github.com/twbs/bootstrap v5.1.3+incompatible/go.mod h1:fZTSrkpSf0/HkL0IIJzvVspTt1r9zuf7XlZau8kpcY0=
